# This file is automatically @generated by Cargo.
# It is not intended for manual editing.
version = 4

[[package]]
name = "rustc_lexer"
version = "0.1.0"
source = "registry+https://github.com/rust-lang/crates.io-index"
checksum = "c86aae0c77166108c01305ee1a36a1e77289d7dc6ca0a3cd91ff4992de2d16a5"
dependencies = [
 "unicode-xid",
]

[[package]]
name = "sisa-messaging"
version = "0.1.0"

[[package]]
name = "sisa-messaging-architecture-tests"
version = "0.0.0"
dependencies = [
 "rustc_lexer",
]

[[package]]
name = "sisa-messaging-consumer"
version = "0.1.0"
dependencies = [
 "sisa-messaging",
 "sisa-messaging-inbox",
]

[[package]]
name = "sisa-messaging-inbox"
version = "0.1.0"
dependencies = [
 "sisa-messaging",
]

[[package]]
name = "sisa-messaging-nats"
version = "0.1.0"
dependencies = [
 "sisa-messaging",
]

[[package]]
name = "sisa-messaging-outbox"
version = "0.1.0"
dependencies = [
 "sisa-messaging",
]

[[package]]
name = "sisa-messaging-postgres"
version = "0.1.0"
dependencies = [
 "sisa-messaging",
 "sisa-messaging-inbox",
 "sisa-messaging-outbox",
]

[[package]]
name = "unicode-xid"
version = "0.2.6"
source = "registry+https://github.com/rust-lang/crates.io-index"
checksum = "ebc1c04c71510c7f702b52b7c350734c9ff1295c464a03335b00bb84fc54f853"
